
Microsoft Visual Studio Solution File, Format Version 12.00
# Visual Studio Version 16
VisualStudioVersion = 16.0.31613.86
MinimumVisualStudioVersion = 10.0.40219.1
Project("{FAE04EC0-301F-11D3-BF4B-00C04F79EFBC}") = "Streamish", "Streamish\Streamish.csproj", "{130E8250-8195-43D9-B93B-6B25758118ED}"
EndProject
Global
	GlobalSection(SolutionConfigurationPlatforms) = preSolution
		Debug|Any CPU = Debug|Any CPU
		Release|Any CPU = Release|Any CPU
	EndGlobalSection
	GlobalSection(ProjectConfigurationPlatforms) = postSolution
		{130E8250-8195-43D9-B93B-6B25758118ED}.Debug|Any CPU.ActiveCfg = Debug|Any CPU
		{130E8250-8195-43D9-B93B-6B25758118ED}.Debug|Any CPU.Build.0 = Debug|Any CPU
		{130E8250-8195-43D9-B93B-6B25758118ED}.Release|Any CPU.ActiveCfg = Release|Any CPU
		{130E8250-8195-43D9-B93B-6B25758118ED}.Release|Any CPU.Build.0 = Release|Any CPU
	EndGlobalSection
	GlobalSection(SolutionProperties) = preSolution
		HideSolutionNode = FALSE
	EndGlobalSection
	GlobalSection(ExtensibilityGlobals) = postSolution
		SolutionGuid = {B2E68266-448C-4DD4-B508-CA6DF86BF3F7}
	EndGlobalSection
EndGlobal
